
Microsoft Visual Studio Solution File, Format Version 12.00
# Visual Studio 15
VisualStudioVersion = 15.0.33026.149
MinimumVisualStudioVersion = 10.0.40219.1
Project("{FAE04EC0-301F-11D3-BF4B-00C04F79EFBC}") = "sayıAyirmaElifDemir", "sayıAyirmaElifDemir\sayıAyirmaElifDemir.csproj", "{8916355C-C845-4B28-AF7E-DEEA372D4C84}"
EndProject
Global
	GlobalSection(SolutionConfigurationPlatforms) = preSolution
		Debug|Any CPU = Debug|Any CPU
		Release|Any CPU = Release|Any CPU
	EndGlobalSection
	GlobalSection(ProjectConfigurationPlatforms) = postSolution
		{8916355C-C845-4B28-AF7E-DEEA372D4C84}.Debug|Any CPU.ActiveCfg = Debug|Any CPU
		{8916355C-C845-4B28-AF7E-DEEA372D4C84}.Debug|Any CPU.Build.0 = Debug|Any CPU
		{8916355C-C845-4B28-AF7E-DEEA372D4C84}.Release|Any CPU.ActiveCfg = Release|Any CPU
		{8916355C-C845-4B28-AF7E-DEEA372D4C84}.Release|Any CPU.Build.0 = Release|Any CPU
	EndGlobalSection
	GlobalSection(SolutionProperties) = preSolution
		HideSolutionNode = FALSE
	EndGlobalSection
	GlobalSection(ExtensibilityGlobals) = postSolution
		SolutionGuid = {1E9EBEC7-10BE-4CAB-87D0-BB412324A394}
	EndGlobalSection
EndGlobal
